
Microsoft Visual Studio Solution File, Format Version 12.00
# Visual Studio Version 17
VisualStudioVersion = 17.5.002.0
MinimumVisualStudioVersion = 10.0.40219.1
Project("{9A19103F-16F7-4668-BE54-9A1E7A4F7556}") = "classify-text", "classify-text\classify-text.csproj", "{5EA8EC8E-2B46-4D4A-9A55-FCB191DC98CE}"
EndProject
Global
	GlobalSection(SolutionConfigurationPlatforms) = preSolution
		Debug|Any CPU = Debug|Any CPU
		Release|Any CPU = Release|Any CPU
	EndGlobalSection
	GlobalSection(ProjectConfigurationPlatforms) = postSolution
		{5EA8EC8E-2B46-4D4A-9A55-FCB191DC98CE}.Debug|Any CPU.ActiveCfg = Debug|Any CPU
		{5EA8EC8E-2B46-4D4A-9A55-FCB191DC98CE}.Debug|Any CPU.Build.0 = Debug|Any CPU
		{5EA8EC8E-2B46-4D4A-9A55-FCB191DC98CE}.Release|Any CPU.ActiveCfg = Release|Any CPU
		{5EA8EC8E-2B46-4D4A-9A55-FCB191DC98CE}.Release|Any CPU.Build.0 = Release|Any CPU
	EndGlobalSection
	GlobalSection(SolutionProperties) = preSolution
		HideSolutionNode = FALSE
	EndGlobalSection
	GlobalSection(ExtensibilityGlobals) = postSolution
		SolutionGuid = {5D8A6680-B778-4F70-BB1A-396A8874C5A7}
	EndGlobalSection
EndGlobal
